
Microsoft Visual Studio Solution File, Format Version 12.00
Project("{FAE04EC0-301F-11D3-BF4B-00C04F79EFBC}") = "AvaloniaApplication", "AvaloniaApplication\AvaloniaApplication.csproj", "{AE2CAF31-6D7B-4895-B251-4C7F853F15F9}"
EndProject
Global
	GlobalSection(SolutionConfigurationPlatforms) = preSolution
		Debug|Any CPU = Debug|Any CPU
		Release|Any CPU = Release|Any CPU
	EndGlobalSection
	GlobalSection(ProjectConfigurationPlatforms) = postSolution
		{AE2CAF31-6D7B-4895-B251-4C7F853F15F9}.Debug|Any CPU.ActiveCfg = Debug|Any CPU
		{AE2CAF31-6D7B-4895-B251-4C7F853F15F9}.Debug|Any CPU.Build.0 = Debug|Any CPU
		{AE2CAF31-6D7B-4895-B251-4C7F853F15F9}.Release|Any CPU.ActiveCfg = Release|Any CPU
		{AE2CAF31-6D7B-4895-B251-4C7F853F15F9}.Release|Any CPU.Build.0 = Release|Any CPU
	EndGlobalSection
EndGlobal
